
Microsoft Visual Studio Solution File, Format Version 12.00
# Visual Studio Version 17
VisualStudioVersion = 17.7.34202.233
MinimumVisualStudioVersion = 10.0.40219.1
Project("{FAE04EC0-301F-11D3-BF4B-00C04F79EFBC}") = "Rollup", "Rollup\Rollup.csproj", "{7693AC7D-4AB3-4C06-9C75-B04DE3D91B08}"
EndProject
Project("{FAE04EC0-301F-11D3-BF4B-00C04F79EFBC}") = "Rollup.Tests", "Rollup.Tests\Rollup.Tests.csproj", "{2A47A74F-1019-46F5-9E37-6048BD7BDF66}"
EndProject
Global
	GlobalSection(SolutionConfigurationPlatforms) = preSolution
		Debug|Any CPU = Debug|Any CPU
		Release|Any CPU = Release|Any CPU
	EndGlobalSection
	GlobalSection(ProjectConfigurationPlatforms) = postSolution
		{7693AC7D-4AB3-4C06-9C75-B04DE3D91B08}.Debug|Any CPU.ActiveCfg = Debug|Any CPU
		{7693AC7D-4AB3-4C06-9C75-B04DE3D91B08}.Debug|Any CPU.Build.0 = Debug|Any CPU
		{7693AC7D-4AB3-4C06-9C75-B04DE3D91B08}.Release|Any CPU.ActiveCfg = Release|Any CPU
		{7693AC7D-4AB3-4C06-9C75-B04DE3D91B08}.Release|Any CPU.Build.0 = Release|Any CPU
		{2A47A74F-1019-46F5-9E37-6048BD7BDF66}.Debug|Any CPU.ActiveCfg = Debug|Any CPU
		{2A47A74F-1019-46F5-9E37-6048BD7BDF66}.Debug|Any CPU.Build.0 = Debug|Any CPU
		{2A47A74F-1019-46F5-9E37-6048BD7BDF66}.Release|Any CPU.ActiveCfg = Release|Any CPU
		{2A47A74F-1019-46F5-9E37-6048BD7BDF66}.Release|Any CPU.Build.0 = Release|Any CPU
	EndGlobalSection
	GlobalSection(SolutionProperties) = preSolution
		HideSolutionNode = FALSE
	EndGlobalSection
	GlobalSection(ExtensibilityGlobals) = postSolution
		SolutionGuid = {2FF87642-EC06-4AD4-90AF-D3E71E95C064}
	EndGlobalSection
EndGlobal
